// !$*UTF8*$!
{
	archiveVersion = 1;
	classes = {
	};
	objectVersion = 50;
	objects = {

/* Begin PBXBuildFile section */
		00583C1021B9B403002A2BB5 /* ImageCropVC.swift in Sources */ = {isa = PBXBuildFile; fileRef = 00583C0F21B9B403002A2BB5 /* ImageCropVC.swift */; };
		00C6218C21B5C8B800BB0CB1 /* MapKitArtwork.swift in Sources */ = {isa = PBXBuildFile; fileRef = 00C6218B21B5C8B800BB0CB1 /* MapKitArtwork.swift */; };
		27BECD1C041B72DFBF495BA2 /* Pods_Geocoding.framework in Frameworks */ = {isa = PBXBuildFile; fileRef = A0DBAFA4BF44A1420E70E5D4 /* Pods_Geocoding.framework */; };
		660575D521A1C79900965D5E /* FirstViewController.swift in Sources */ = {isa = PBXBuildFile; fileRef = 660575D421A1C79900965D5E /* FirstViewController.swift */; };
		6640FAC621AF1CCF0041CAA9 /* RegisterView.swift in Sources */ = {isa = PBXBuildFile; fileRef = 6640FAC521AF1CCF0041CAA9 /* RegisterView.swift */; };
		66461D4121A092D3006D3353 /* AppDelegate.swift in Sources */ = {isa = PBXBuildFile; fileRef = 66461D4021A092D3006D3353 /* AppDelegate.swift */; };
		66461D4321A092D3006D3353 /* ViewController.swift in Sources */ = {isa = PBXBuildFile; fileRef = 66461D4221A092D3006D3353 /* ViewController.swift */; };
		66461D4621A092D3006D3353 /* Main.storyboard in Resources */ = {isa = PBXBuildFile; fileRef = 66461D4421A092D3006D3353 /* Main.storyboard */; };
		66461D4821A092D4006D3353 /* Assets.xcassets in Resources */ = {isa = PBXBuildFile; fileRef = 66461D4721A092D4006D3353 /* Assets.xcassets */; };
		66461D4B21A092D4006D3353 /* LaunchScreen.storyboard in Resources */ = {isa = PBXBuildFile; fileRef = 66461D4921A092D4006D3353 /* LaunchScreen.storyboard */; };
		66461D5321A09308006D3353 /* TableEvents.swift in Sources */ = {isa = PBXBuildFile; fileRef = 66461D5221A09308006D3353 /* TableEvents.swift */; };
		664E81A521B06EEB00F723D9 /* EventDescription.swift in Sources */ = {isa = PBXBuildFile; fileRef = 664E81A421B06EEB00F723D9 /* EventDescription.swift */; };
		6654A76421A1B875005A0F37 /* Login.swift in Sources */ = {isa = PBXBuildFile; fileRef = 6654A76321A1B875005A0F37 /* Login.swift */; };
/* End PBXBuildFile section */

/* Begin PBXFileReference section */
		00583C0F21B9B403002A2BB5 /* ImageCropVC.swift */ = {isa = PBXFileReference; lastKnownFileType = sourcecode.swift; path = ImageCropVC.swift; sourceTree = "<group>"; };
		00C6218B21B5C8B800BB0CB1 /* MapKitArtwork.swift */ = {isa = PBXFileReference; lastKnownFileType = sourcecode.swift; path = MapKitArtwork.swift; sourceTree = "<group>"; };
		0FD6F81E78C697074A89D206 /* Pods-Geocoding.release.xcconfig */ = {isa = PBXFileReference; includeInIndex = 1; lastKnownFileType = text.xcconfig; name = "Pods-Geocoding.release.xcconfig"; path = "Pods/Target Support Files/Pods-Geocoding/Pods-Geocoding.release.xcconfig"; sourceTree = "<group>"; };
		5B1EAB12055C4949645C22A1 /* Pods-Geocoding.debug.xcconfig */ = {isa = PBXFileReference; includeInIndex = 1; lastKnownFileType = text.xcconfig; name = "Pods-Geocoding.debug.xcconfig"; path = "Pods/Target Support Files/Pods-Geocoding/Pods-Geocoding.debug.xcconfig"; sourceTree = "<group>"; };
		660575D421A1C79900965D5E /* FirstViewController.swift */ = {isa = PBXFileReference; lastKnownFileType = sourcecode.swift; path = FirstViewController.swift; sourceTree = "<group>"; };
		6640FAC521AF1CCF0041CAA9 /* RegisterView.swift */ = {isa = PBXFileReference; lastKnownFileType = sourcecode.swift; path = RegisterView.swift; sourceTree = "<group>"; };
		66461D3D21A092D3006D3353 /* Geocoding.app */ = {isa = PBXFileReference; explicitFileType = wrapper.application; includeInIndex = 0; path = Geocoding.app; sourceTree = BUILT_PRODUCTS_DIR; };
		66461D4021A092D3006D3353 /* AppDelegate.swift */ = {isa = PBXFileReference; lastKnownFileType = sourcecode.swift; path = AppDelegate.swift; sourceTree = "<group>"; };
		66461D4221A092D3006D3353 /* ViewController.swift */ = {isa = PBXFileReference; lastKnownFileType = sourcecode.swift; path = ViewController.swift; sourceTree = "<group>"; };
		66461D4521A092D3006D3353 /* Base */ = {isa = PBXFileReference; lastKnownFileType = file.storyboard; name = Base; path = Base.lproj/Main.storyboard; sourceTree = "<group>"; };
		66461D4721A092D4006D3353 /* Assets.xcassets */ = {isa = PBXFileReference; lastKnownFileType = folder.assetcatalog; path = Assets.xcassets; sourceTree = "<group>"; };
		66461D4A21A092D4006D3353 /* Base */ = {isa = PBXFileReference; lastKnownFileType = file.storyboard; name = Base; path = Base.lproj/LaunchScreen.storyboard; sourceTree = "<group>"; };
		66461D4C21A092D4006D3353 /* Info.plist */ = {isa = PBXFileReference; lastKnownFileType = text.plist.xml; path = Info.plist; sourceTree = "<group>"; };
		66461D5221A09308006D3353 /* TableEvents.swift */ = {isa = PBXFileReference; lastKnownFileType = sourcecode.swift; path = TableEvents.swift; sourceTree = "<group>"; };
		664E81A421B06EEB00F723D9 /* EventDescription.swift */ = {isa = PBXFileReference; lastKnownFileType = sourcecode.swift; path = EventDescription.swift; sourceTree = "<group>"; };
		6654A76321A1B875005A0F37 /* Login.swift */ = {isa = PBXFileReference; lastKnownFileType = sourcecode.swift; path = Login.swift; sourceTree = "<group>"; };
		A0DBAFA4BF44A1420E70E5D4 /* Pods_Geocoding.framework */ = {isa = PBXFileReference; explicitFileType = wrapper.framework; includeInIndex = 0; path = Pods_Geocoding.framework; sourceTree = BUILT_PRODUCTS_DIR; };
/* End PBXFileReference section */

/* Begin PBXFrameworksBuildPhase section */
		66461D3A21A092D3006D3353 /* Frameworks */ = {
			isa = PBXFrameworksBuildPhase;
			buildActionMask = 2147483647;
			files = (
				27BECD1C041B72DFBF495BA2 /* Pods_Geocoding.framework in Frameworks */,
			);
			runOnlyForDeploymentPostprocessing = 0;
		};
/* End PBXFrameworksBuildPhase section */

/* Begin PBXGroup section */
		66461D3421A092D3006D3353 = {
			isa = PBXGroup;
			children = (
				66461D3F21A092D3006D3353 /* Geocoding */,
				66461D3E21A092D3006D3353 /* Products */,
				C1099C2B8F8504065836EDCF /* Pods */,
				F8A0EABC012BF512297755C0 /* Frameworks */,
			);
			sourceTree = "<group>";
		};
		66461D3E21A092D3006D3353 /* Products */ = {
			isa = PBXGroup;
			children = (
				66461D3D21A092D3006D3353 /* Geocoding.app */,
			);
			name = Products;
			sourceTree = "<group>";
		};
		66461D3F21A092D3006D3353 /* Geocoding */ = {
			isa = PBXGroup;
			children = (
				66461D4021A092D3006D3353 /* AppDelegate.swift */,
				66461D4221A092D3006D3353 /* ViewController.swift */,
				66461D5221A09308006D3353 /* TableEvents.swift */,
				664E81A421B06EEB00F723D9 /* EventDescription.swift */,
				00C6218B21B5C8B800BB0CB1 /* MapKitArtwork.swift */,
				6654A76321A1B875005A0F37 /* Login.swift */,
				6640FAC521AF1CCF0041CAA9 /* RegisterView.swift */,
				660575D421A1C79900965D5E /* FirstViewController.swift */,
				66461D4421A092D3006D3353 /* Main.storyboard */,
				00583C0F21B9B403002A2BB5 /* ImageCropVC.swift */,
				66461D4721A092D4006D3353 /* Assets.xcassets */,
				66461D4921A092D4006D3353 /* LaunchScreen.storyboard */,
				66461D4C21A092D4006D3353 /* Info.plist */,
			);
			path = Geocoding;
			sourceTree = "<group>";
		};
		C1099C2B8F8504065836EDCF /* Pods */ = {
			isa = PBXGroup;
			children = (
				5B1EAB12055C4949645C22A1 /* Pods-Geocoding.debug.xcconfig */,
				0FD6F81E78C697074A89D206 /* Pods-Geocoding.release.xcconfig */,
			);
			name = Pods;
			sourceTree = "<group>";
		};
		F8A0EABC012BF512297755C0 /* Frameworks */ = {
			isa = PBXGroup;
			children = (
				A0DBAFA4BF44A1420E70E5D4 /* Pods_Geocoding.framework */,
			);
			name = Frameworks;
			sourceTree = "<group>";
		};
/* End PBXGroup section */

/* Begin PBXNativeTarget section */
		66461D3C21A092D3006D3353 /* Geocoding */ = {
			isa = PBXNativeTarget;
			buildConfigurationList = 66461D4F21A092D4006D3353 /* Build configuration list for PBXNativeTarget "Geocoding" */;
			buildPhases = (
				4DD426D13A8CAC4E9E8C8131 /* [CP] Check Pods Manifest.lock */,
				66461D3921A092D3006D3353 /* Sources */,
				66461D3A21A092D3006D3353 /* Frameworks */,
				66461D3B21A092D3006D3353 /* Resources */,
				8236040F8A47871FAE6D3303 /* [CP] Embed Pods Frameworks */,
			);
			buildRules = (
			);
			dependencies = (
			);
			name = Geocoding;
			productName = Geocoding;
			productReference = 66461D3D21A092D3006D3353 /* Geocoding.app */;
			productType = "com.apple.product-type.application";
		};
/* End PBXNativeTarget section */

/* Begin PBXProject section */
		66461D3521A092D3006D3353 /* Project object */ = {
			isa = PBXProject;
			attributes = {
				LastSwiftUpdateCheck = 0940;
				LastUpgradeCheck = 0940;
				ORGANIZATIONNAME = Quentin;
				TargetAttributes = {
					66461D3C21A092D3006D3353 = {
						CreatedOnToolsVersion = 9.4.1;
					};
				};
			};
			buildConfigurationList = 66461D3821A092D3006D3353 /* Build configuration list for PBXProject "Geocoding" */;
			compatibilityVersion = "Xcode 9.3";
			developmentRegion = en;
			hasScannedForEncodings = 0;
			knownRegions = (
				en,
				Base,
			);
			mainGroup = 66461D3421A092D3006D3353;
			productRefGroup = 66461D3E21A092D3006D3353 /* Products */;
			projectDirPath = "";
			projectRoot = "";
			targets = (
				66461D3C21A092D3006D3353 /* Geocoding */,
			);
		};
/* End PBXProject section */

/* Begin PBXResourcesBuildPhase section */
		66461D3B21A092D3006D3353 /* Resources */ = {
			isa = PBXResourcesBuildPhase;
			buildActionMask = 2147483647;
			files = (
				66461D4B21A092D4006D3353 /* LaunchScreen.storyboard in Resources */,
				66461D4821A092D4006D3353 /* Assets.xcassets in Resources */,
				66461D4621A092D3006D3353 /* Main.storyboard in Resources */,
			);
			runOnlyForDeploymentPostprocessing = 0;
		};
/* End PBXResourcesBuildPhase section */

/* Begin PBXShellScriptBuildPhase section */
		4DD426D13A8CAC4E9E8C8131 /* [CP] Check Pods Manifest.lock */ = {
			isa = PBXShellScriptBuildPhase;
			buildActionMask = 2147483647;
			files = (
			);
			inputPaths = (
				"${PODS_PODFILE_DIR_PATH}/Podfile.lock",
				"${PODS_ROOT}/Manifest.lock",
			);
			name = "[CP] Check Pods Manifest.lock";
			outputPaths = (
				"$(DERIVED_FILE_DIR)/Pods-Geocoding-checkManifestLockResult.txt",
			);
			runOnlyForDeploymentPostprocessing = 0;
			shellPath = /bin/sh;
			shellScript = "diff \"${PODS_PODFILE_DIR_PATH}/Podfile.lock\" \"${PODS_ROOT}/Manifest.lock\" > /dev/null\nif [ $? != 0 ] ; then\n    # print error to STDERR\n    echo \"error: The sandbox is not in sync with the Podfile.lock. Run 'pod install' or update your CocoaPods installation.\" >&2\n    exit 1\nfi\n# This output is used by Xcode 'outputs' to avoid re-running this script phase.\necho \"SUCCESS\" > \"${SCRIPT_OUTPUT_FILE_0}\"\n";
			showEnvVarsInLog = 0;
		};
		8236040F8A47871FAE6D3303 /* [CP] Embed Pods Frameworks */ = {
			isa = PBXShellScriptBuildPhase;
			buildActionMask = 2147483647;
			files = (
			);
			inputPaths = (
				"${SRCROOT}/Pods/Target Support Files/Pods-Geocoding/Pods-Geocoding-frameworks.sh",
				"${BUILT_PRODUCTS_DIR}/Alamofire/Alamofire.framework",
				"${BUILT_PRODUCTS_DIR}/AlamofireImage/AlamofireImage.framework",
				"${BUILT_PRODUCTS_DIR}/PusherSwift/PusherSwift.framework",
				"${BUILT_PRODUCTS_DIR}/SwiftyJSON/SwiftyJSON.framework",
			);
			name = "[CP] Embed Pods Frameworks";
			outputPaths = (
				"${TARGET_BUILD_DIR}/${FRAMEWORKS_FOLDER_PATH}/Alamofire.framework",
				"${TARGET_BUILD_DIR}/${FRAMEWORKS_FOLDER_PATH}/AlamofireImage.framework",
				"${TARGET_BUILD_DIR}/${FRAMEWORKS_FOLDER_PATH}/PusherSwift.framework",
				"${TARGET_BUILD_DIR}/${FRAMEWORKS_FOLDER_PATH}/SwiftyJSON.framework",
			);
			runOnlyForDeploymentPostprocessing = 0;
			shellPath = /bin/sh;
			shellScript = "\"${SRCROOT}/Pods/Target Support Files/Pods-Geocoding/Pods-Geocoding-frameworks.sh\"\n";
			showEnvVarsInLog = 0;
		};
/* End PBXShellScriptBuildPhase section */

/* Begin PBXSourcesBuildPhase section */
		66461D3921A092D3006D3353 /* Sources */ = {
			isa = PBXSourcesBuildPhase;
			buildActionMask = 2147483647;
			files = (
				660575D521A1C79900965D5E /* FirstViewController.swift in Sources */,
				664E81A521B06EEB00F723D9 /* EventDescription.swift in Sources */,
				66461D5321A09308006D3353 /* TableEvents.swift in Sources */,
				66461D4321A092D3006D3353 /* ViewController.swift in Sources */,
				00583C1021B9B403002A2BB5 /* ImageCropVC.swift in Sources */,
				6640FAC621AF1CCF0041CAA9 /* RegisterView.swift in Sources */,
				66461D4121A092D3006D3353 /* AppDelegate.swift in Sources */,
				00C6218C21B5C8B800BB0CB1 /* MapKitArtwork.swift in Sources */,
				6654A76421A1B875005A0F37 /* Login.swift in Sources */,
			);
			runOnlyForDeploymentPostprocessing = 0;
		};
/* End PBXSourcesBuildPhase section */

/* Begin PBXVariantGroup section */
		66461D4421A092D3006D3353 /* Main.storyboard */ = {
			isa = PBXVariantGroup;
			children = (
				66461D4521A092D3006D3353 /* Base */,
			);
			name = Main.storyboard;
			sourceTree = "<group>";
		};
		66461D4921A092D4006D3353 /* LaunchScreen.storyboard */ = {
			isa = PBXVariantGroup;
			children = (
				66461D4A21A092D4006D3353 /* Base */,
			);
			name = LaunchScreen.storyboard;
			sourceTree = "<group>";
		};
/* End PBXVariantGroup section */

/* Begin XCBuildConfiguration section */
		66461D4D21A092D4006D3353 /* Debug */ = {
			isa = XCBuildConfiguration;
			buildSettings = {
				ALWAYS_SEARCH_USER_PATHS = NO;
				CLANG_ANALYZER_NONNULL = YES;
				CLANG_ANALYZER_NUMBER_OBJECT_CONVERSION = YES_AGGRESSIVE;
				CLANG_CXX_LANGUAGE_STANDARD = "gnu++14";
				CLANG_CXX_LIBRARY = "libc++";
				CLANG_ENABLE_MODULES = YES;
				CLANG_ENABLE_OBJC_ARC = YES;
				CLANG_ENABLE_OBJC_WEAK = YES;
				CLANG_WARN_BLOCK_CAPTURE_AUTORELEASING = YES;
				CLANG_WARN_BOOL_CONVERSION = YES;
				CLANG_WARN_COMMA = YES;
				CLANG_WARN_CONSTANT_CONVERSION = YES;
				CLANG_WARN_DEPRECATED_OBJC_IMPLEMENTATIONS = YES;
				CLANG_WARN_DIRECT_OBJC_ISA_USAGE = YES_ERROR;
				CLANG_WARN_DOCUMENTATION_COMMENTS = YES;
				CLANG_WARN_EMPTY_BODY = YES;
				CLANG_WARN_ENUM_CONVERSION = YES;
				CLANG_WARN_INFINITE_RECURSION = YES;
				CLANG_WARN_INT_CONVERSION = YES;
				CLANG_WARN_NON_LITERAL_NULL_CONVERSION = YES;
				CLANG_WARN_OBJC_IMPLICIT_RETAIN_SELF = YES;
				CLANG_WARN_OBJC_LITERAL_CONVERSION = YES;
				CLANG_WARN_OBJC_ROOT_CLASS = YES_ERROR;
				CLANG_WARN_RANGE_LOOP_ANALYSIS = YES;
				CLANG_WARN_STRICT_PROTOTYPES = YES;
				CLANG_WARN_SUSPICIOUS_MOVE = YES;
				CLANG_WARN_UNGUARDED_AVAILABILITY = YES_AGGRESSIVE;
				CLANG_WARN_UNREACHABLE_CODE = YES;
				CLANG_WARN__DUPLICATE_METHOD_MATCH = YES;
				CODE_SIGN_IDENTITY = "iPhone Developer";
				COPY_PHASE_STRIP = NO;
				DEBUG_INFORMATION_FORMAT = dwarf;
				ENABLE_STRICT_OBJC_MSGSEND = YES;
				ENABLE_TESTABILITY = YES;
				GCC_C_LANGUAGE_STANDARD = gnu11;
				GCC_DYNAMIC_NO_PIC = NO;
				GCC_NO_COMMON_BLOCKS = YES;
				GCC_OPTIMIZATION_LEVEL = 0;
				GCC_PREPROCESSOR_DEFINITIONS = (
					"DEBUG=1",
					"$(inherited)",
				);
				GCC_WARN_64_TO_32_BIT_CONVERSION = YES;
				GCC_WARN_ABOUT_RETURN_TYPE = YES_ERROR;
				GCC_WARN_UNDECLARED_SELECTOR = YES;
				GCC_WARN_UNINITIALIZED_AUTOS = YES_AGGRESSIVE;
				GCC_WARN_UNUSED_FUNCTION = YES;
				GCC_WARN_UNUSED_VARIABLE = YES;
				IPHONEOS_DEPLOYMENT_TARGET = 11.4;
				MTL_ENABLE_DEBUG_INFO = YES;
				ONLY_ACTIVE_ARCH = YES;
				SDKROOT = iphoneos;
				SWIFT_ACTIVE_COMPILATION_CONDITIONS = DEBUG;
				SWIFT_OPTIMIZATION_LEVEL = "-Onone";
			};
			name = Debug;
		};
		66461D4E21A092D4006D3353 /* Release */ = {
			isa = XCBuildConfiguration;
			buildSettings = {
				ALWAYS_SEARCH_USER_PATHS = NO;
				CLANG_ANALYZER_NONNULL = YES;
				CLANG_ANALYZER_NUMBER_OBJECT_CONVERSION = YES_AGGRESSIVE;
				CLANG_CXX_LANGUAGE_STANDARD = "gnu++14";
				CLANG_CXX_LIBRARY = "libc++";
				CLANG_ENABLE_MODULES = YES;
				CLANG_ENABLE_OBJC_ARC = YES;
				CLANG_ENABLE_OBJC_WEAK = YES;
				CLANG_WARN_BLOCK_CAPTURE_AUTORELEASING = YES;
				CLANG_WARN_BOOL_CONVERSION = YES;
				CLANG_WARN_COMMA = YES;
				CLANG_WARN_CONSTANT_CONVERSION = YES;
				CLANG_WARN_DEPRECATED_OBJC_IMPLEMENTATIONS = YES;
				CLANG_WARN_DIRECT_OBJC_ISA_USAGE = YES_ERROR;
				CLANG_WARN_DOCUMENTATION_COMMENTS = YES;
				CLANG_WARN_EMPTY_BODY = YES;
				CLANG_WARN_ENUM_CONVERSION = YES;
				CLANG_WARN_INFINITE_RECURSION = YES;
				CLANG_WARN_INT_CONVERSION = YES;
				CLANG_WARN_NON_LITERAL_NULL_CONVERSION = YES;
				CLANG_WARN_OBJC_IMPLICIT_RETAIN_SELF = YES;
				CLANG_WARN_OBJC_LITERAL_CONVERSION = YES;
				CLANG_WARN_OBJC_ROOT_CLASS = YES_ERROR;
				CLANG_WARN_RANGE_LOOP_ANALYSIS = YES;
				CLANG_WARN_STRICT_PROTOTYPES = YES;
				CLANG_WARN_SUSPICIOUS_MOVE = YES;
				CLANG_WARN_UNGUARDED_AVAILABILITY = YES_AGGRESSIVE;
				CLANG_WARN_UNREACHABLE_CODE = YES;
				CLANG_WARN__DUPLICATE_METHOD_MATCH = YES;
				CODE_SIGN_IDENTITY = "iPhone Developer";
				COPY_PHASE_STRIP = NO;
				DEBUG_INFORMATION_FORMAT = "dwarf-with-dsym";
				ENABLE_NS_ASSERTIONS = NO;
				ENABLE_STRICT_OBJC_MSGSEND = YES;
				GCC_C_LANGUAGE_STANDARD = gnu11;
				GCC_NO_COMMON_BLOCKS = YES;
				GCC_WARN_64_TO_32_BIT_CONVERSION = YES;
				GCC_WARN_ABOUT_RETURN_TYPE = YES_ERROR;
				GCC_WARN_UNDECLARED_SELECTOR = YES;
				GCC_WARN_UNINITIALIZED_AUTOS = YES_AGGRESSIVE;
				GCC_WARN_UNUSED_FUNCTION = YES;
				GCC_WARN_UNUSED_VARIABLE = YES;
				IPHONEOS_DEPLOYMENT_TARGET = 11.4;
				MTL_ENABLE_DEBUG_INFO = NO;
				SDKROOT = iphoneos;
				SWIFT_COMPILATION_MODE = wholemodule;
				SWIFT_OPTIMIZATION_LEVEL = "-O";
				VALIDATE_PRODUCT = YES;
			};
			name = Release;
		};
		66461D5021A092D4006D3353 /* Debug */ = {
			isa = XCBuildConfiguration;
			baseConfigurationReference = 5B1EAB12055C4949645C22A1 /* Pods-Geocoding.debug.xcconfig */;
			buildSettings = {
				ASSETCATALOG_COMPILER_APPICON_NAME = AppIcon;
				CODE_SIGN_STYLE = Automatic;
				DEVELOPMENT_TEAM = 967N6AN524;
				INFOPLIST_FILE = Geocoding/Info.plist;
				LD_RUNPATH_SEARCH_PATHS = (
					"$(inherited)",
					"@executable_path/Frameworks",
				);
				PRODUCT_BUNDLE_IDENTIFIER = TestOrganization.Geocoding;
				PRODUCT_NAME = "$(TARGET_NAME)";
				SWIFT_VERSION = 4.0;
				TARGETED_DEVICE_FAMILY = "1,2";
			};
			name = Debug;
		};
		66461D5121A092D4006D3353 /* Release */ = {
			isa = XCBuildConfiguration;
			baseConfigurationReference = 0FD6F81E78C697074A89D206 /* Pods-Geocoding.release.xcconfig */;
			buildSettings = {
				ASSETCATALOG_COMPILER_APPICON_NAME = AppIcon;
				CODE_SIGN_STYLE = Automatic;
				DEVELOPMENT_TEAM = 967N6AN524;
				INFOPLIST_FILE = Geocoding/Info.plist;
				LD_RUNPATH_SEARCH_PATHS = (
					"$(inherited)",
					"@executable_path/Frameworks",
				);
				PRODUCT_BUNDLE_IDENTIFIER = TestOrganization.Geocoding;
				PRODUCT_NAME = "$(TARGET_NAME)";
				SWIFT_VERSION = 4.0;
				TARGETED_DEVICE_FAMILY = "1,2";
			};
			name = Release;
		};
/* End XCBuildConfiguration section */

/* Begin XCConfigurationList section */
		66461D3821A092D3006D3353 /* Build configuration list for PBXProject "Geocoding" */ = {
			isa = XCConfigurationList;
			buildConfigurations = (
				66461D4D21A092D4006D3353 /* Debug */,
				66461D4E21A092D4006D3353 /* Release */,
			);
			defaultConfigurationIsVisible = 0;
			defaultConfigurationName = Release;
		};
		66461D4F21A092D4006D3353 /* Build configuration list for PBXNativeTarget "Geocoding" */ = {
			isa = XCConfigurationList;
			buildConfigurations = (
				66461D5021A092D4006D3353 /* Debug */,
				66461D5121A092D4006D3353 /* Release */,
			);
			defaultConfigurationIsVisible = 0;
			defaultConfigurationName = Release;
		};
/* End XCConfigurationList section */
	};
	rootObject = 66461D3521A092D3006D3353 /* Project object */;
}
